<?xml version="1.0" encoding="utf-8"?>
<Project ToolsVersion="4.0" xmlns="http://schemas.microsoft.com/developer/msbuild/2003">
  <ItemGroup>
    <Filter Include="Archivos de origen">
      <UniqueIdentifier>{4FC737F1-C7A5-4376-A066-2A32D752A2FF}</UniqueIdentifier>
      <Extensions>cpp;c;cc;cxx;c++;cppm;ixx;def;odl;idl;hpj;bat;asm;asmx</Extensions>
    </Filter>
    <Filter Include="Archivos de recursos">
      <UniqueIdentifier>{67DA6AB6-F800-4c08-8B7A-83BB121AAD01}</UniqueIdentifier>
      <Extensions>rc;ico;cur;bmp;dlg;rc2;rct;bin;rgs;gif;jpg;jpeg;jpe;resx;tiff;tif;png;wav;mfcribbon-ms</Extensions>
    </Filter>
  </ItemGroup>
  <ItemGroup>
    <ClCompile Include="..\..\Model\articulos.cpp">
      <Filter>Archivos de origen</Filter>
    </ClCompile>
    <ClCompile Include="..\..\Model\carrito.cpp">
      <Filter>Archivos de origen</Filter>
    </ClCompile>
    <ClCompile Include="..\..\Model\cliente.cpp">
      <Filter>Archivos de origen</Filter>
    </ClCompile>
    <ClCompile Include="..\..\Model\cotillon.cpp">
      <Filter>Archivos de origen</Filter>
    </ClCompile>
    <ClCompile Include="..\..\Model\cumpleanios.cpp">
      <Filter>Archivos de origen</Filter>
    </ClCompile>
    <ClCompile Include="..\..\Model\disfraces.cpp">
      <Filter>Archivos de origen</Filter>
    </ClCompile>
    <ClCompile Include="..\..\Model\empleado.cpp">
      <Filter>Archivos de origen</Filter>
    </ClCompile>
    <ClCompile Include="..\..\Model\encargado.cpp">
      <Filter>Archivos de origen</Filter>
    </ClCompile>
    <ClCompile Include="..\..\Model\establecimiento.cpp">
      <Filter>Archivos de origen</Filter>
    </ClCompile>
    <ClCompile Include="..\..\Model\globos.cpp">
      <Filter>Archivos de origen</Filter>
    </ClCompile>
    <ClCompile Include="..\..\Model\golosinas.cpp">
      <Filter>Archivos de origen</Filter>
    </ClCompile>
    <ClCompile Include="..\..\Model\manteles.cpp">
      <Filter>Archivos de origen</Filter>
    </ClCompile>
    <ClCompile Include="..\..\Model\persona.cpp">
      <Filter>Archivos de origen</Filter>
    </ClCompile>
    <ClCompile Include="..\..\Model\reposteria.cpp">
      <Filter>Archivos de origen</Filter>
    </ClCompile>
    <ClCompile Include="..\..\Model\trabajador.cpp">
      <Filter>Archivos de origen</Filter>
    </ClCompile>
    <ClCompile Include="..\..\Model\vajilla_descartable.cpp">
      <Filter>Archivos de origen</Filter>
    </ClCompile>
    <ClCompile Include="..\..\Model\vela.cpp">
      <Filter>Archivos de origen</Filter>
    </ClCompile>
  </ItemGroup>
  <ItemGroup>
    <ClInclude Include="..\..\Model\articulos.h" />
    <ClInclude Include="..\..\Model\articulos_cotillon.h" />
    <ClInclude Include="..\..\Model\carrito.h" />
    <ClInclude Include="..\..\Model\cliente.h" />
    <ClInclude Include="..\..\Model\cotillon.h" />
    <ClInclude Include="..\..\Model\cumpleanios.h" />
    <ClInclude Include="..\..\Model\decoracion_repostera.h" />
    <ClInclude Include="..\..\Model\disfraces.h" />
    <ClInclude Include="..\..\Model\empleado.h" />
    <ClInclude Include="..\..\Model\encargado.h" />
    <ClInclude Include="..\..\Model\Enumeration1.h" />
    <ClInclude Include="..\..\Model\establecimiento.h" />
    <ClInclude Include="..\..\Model\globos.h" />
    <ClInclude Include="..\..\Model\golosinas.h" />
    <ClInclude Include="..\..\Model\librerias.h" />
    <ClInclude Include="..\..\Model\mantel.h" />
    <ClInclude Include="..\..\Model\manteles.h" />
    <ClInclude Include="..\..\Model\matel.h" />
    <ClInclude Include="..\..\Model\medio_de_pago.h" />
    <ClInclude Include="..\..\Model\molde.h" />
    <ClInclude Include="..\..\Model\persona.h" />
    <ClInclude Include="..\..\Model\reposteria.h" />
    <ClInclude Include="..\..\Model\talles.h" />
    <ClInclude Include="..\..\Model\trabajador.h" />
    <ClInclude Include="..\..\Model\vajilla.h" />
    <ClInclude Include="..\..\Model\vajilla_descartable.h" />
    <ClInclude Include="..\..\Model\vela.h" />
  </ItemGroup>
</Project>